
Microsoft Visual Studio Solution File, Format Version 12.00
# Visual Studio Version 17
VisualStudioVersion = 17.7.34024.191
MinimumVisualStudioVersion = 10.0.40219.1
Project("{FAE04EC0-301F-11D3-BF4B-00C04F79EFBC}") = "Enoc.Provider", "Enoc.Provider\Enoc.Provider.csproj", "{4968598C-8111-40AF-B4D4-9839D7D8B21C}"
EndProject
Global
	GlobalSection(SolutionConfigurationPlatforms) = preSolution
		Debug|Any CPU = Debug|Any CPU
		Release|Any CPU = Release|Any CPU
	EndGlobalSection
	GlobalSection(ProjectConfigurationPlatforms) = postSolution
		{4968598C-8111-40AF-B4D4-9839D7D8B21C}.Debug|Any CPU.ActiveCfg = Debug|Any CPU
		{4968598C-8111-40AF-B4D4-9839D7D8B21C}.Debug|Any CPU.Build.0 = Debug|Any CPU
		{4968598C-8111-40AF-B4D4-9839D7D8B21C}.Release|Any CPU.ActiveCfg = Release|Any CPU
		{4968598C-8111-40AF-B4D4-9839D7D8B21C}.Release|Any CPU.Build.0 = Release|Any CPU
	EndGlobalSection
	GlobalSection(SolutionProperties) = preSolution
		HideSolutionNode = FALSE
	EndGlobalSection
	GlobalSection(ExtensibilityGlobals) = postSolution
		SolutionGuid = {A973D344-ABB5-4137-96D0-02D3BDE70D7B}
	EndGlobalSection
EndGlobal
